
Microsoft Visual Studio Solution File, Format Version 12.00
# Visual Studio Version 17
VisualStudioVersion = 17.14.36203.30 d17.14
MinimumVisualStudioVersion = 10.0.40219.1
Project("{FAE04EC0-301F-11D3-BF4B-00C04F79EFBC}") = "Clipmage", "Clipmage\Clipmage.csproj", "{F2BF7536-8D9F-402A-AFDA-D57F59239BC0}"
EndProject
Global
	GlobalSection(SolutionConfigurationPlatforms) = preSolution
		Debug|Any CPU = Debug|Any CPU
		Release|Any CPU = Release|Any CPU
	EndGlobalSection
	GlobalSection(ProjectConfigurationPlatforms) = postSolution
		{F2BF7536-8D9F-402A-AFDA-D57F59239BC0}.Debug|Any CPU.ActiveCfg = Debug|Any CPU
		{F2BF7536-8D9F-402A-AFDA-D57F59239BC0}.Debug|Any CPU.Build.0 = Debug|Any CPU
		{F2BF7536-8D9F-402A-AFDA-D57F59239BC0}.Release|Any CPU.ActiveCfg = Release|Any CPU
		{F2BF7536-8D9F-402A-AFDA-D57F59239BC0}.Release|Any CPU.Build.0 = Release|Any CPU
	EndGlobalSection
	GlobalSection(SolutionProperties) = preSolution
		HideSolutionNode = FALSE
	EndGlobalSection
	GlobalSection(ExtensibilityGlobals) = postSolution
		SolutionGuid = {74248736-2EF0-4467-AE5F-B4C39A645915}
	EndGlobalSection
EndGlobal
